
Microsoft Visual Studio Solution File, Format Version 12.00
# Visual Studio Version 17
VisualStudioVersion = 17.5.33627.172
MinimumVisualStudioVersion = 10.0.40219.1
Project("{FAE04EC0-301F-11D3-BF4B-00C04F79EFBC}") = "StudentProject", "StudentProject\StudentProject.csproj", "{ECFFDCCD-7776-40DE-98DF-54CC0F32693A}"
EndProject
Global
	GlobalSection(SolutionConfigurationPlatforms) = preSolution
		Debug|Any CPU = Debug|Any CPU
		Release|Any CPU = Release|Any CPU
	EndGlobalSection
	GlobalSection(ProjectConfigurationPlatforms) = postSolution
		{ECFFDCCD-7776-40DE-98DF-54CC0F32693A}.Debug|Any CPU.ActiveCfg = Debug|Any CPU
		{ECFFDCCD-7776-40DE-98DF-54CC0F32693A}.Debug|Any CPU.Build.0 = Debug|Any CPU
		{ECFFDCCD-7776-40DE-98DF-54CC0F32693A}.Release|Any CPU.ActiveCfg = Release|Any CPU
		{ECFFDCCD-7776-40DE-98DF-54CC0F32693A}.Release|Any CPU.Build.0 = Release|Any CPU
	EndGlobalSection
	GlobalSection(SolutionProperties) = preSolution
		HideSolutionNode = FALSE
	EndGlobalSection
	GlobalSection(ExtensibilityGlobals) = postSolution
		SolutionGuid = {CC708CD0-FABE-4AFC-A5A8-4B3B354DC98A}
	EndGlobalSection
EndGlobal
